// !$*UTF8*$!
{
	archiveVersion = 1;
	classes = {
	};
	objectVersion = 50;
	objects = {

/* Begin PBXBuildFile section */
		5AC9A855209DE0C10077DFEF /* AppDelegate.swift in Sources */ = {isa = PBXBuildFile; fileRef = 5AC9A854209DE0C10077DFEF /* AppDelegate.swift */; };
		5AC9A857209DE0C10077DFEF /* ViewController.swift in Sources */ = {isa = PBXBuildFile; fileRef = 5AC9A856209DE0C10077DFEF /* ViewController.swift */; };
		5AC9A85A209DE0C10077DFEF /* Main.storyboard in Resources */ = {isa = PBXBuildFile; fileRef = 5AC9A858209DE0C10077DFEF /* Main.storyboard */; };
		5AC9A85C209DE0C40077DFEF /* Assets.xcassets in Resources */ = {isa = PBXBuildFile; fileRef = 5AC9A85B209DE0C40077DFEF /* Assets.xcassets */; };
		5AC9A85F209DE0C40077DFEF /* LaunchScreen.storyboard in Resources */ = {isa = PBXBuildFile; fileRef = 5AC9A85D209DE0C40077DFEF /* LaunchScreen.storyboard */; };
		CCAD3D39879946E5A995C28B /* Pods_AVFoundation_Video.framework in Frameworks */ = {isa = PBXBuildFile; fileRef = AA10CBCEEFAE96315E346FC8 /* Pods_AVFoundation_Video.framework */; };
/* End PBXBuildFile section */

/* Begin PBXFileReference section */
		01547ACA8E34D81E63F2F8CE /* Pods-AVFoundation-Video.release.xcconfig */ = {isa = PBXFileReference; includeInIndex = 1; lastKnownFileType = text.xcconfig; name = "Pods-AVFoundation-Video.release.xcconfig"; path = "Pods/Target Support Files/Pods-AVFoundation-Video/Pods-AVFoundation-Video.release.xcconfig"; sourceTree = "<group>"; };
		5AC9A851209DE0C10077DFEF /* AVFoundation-Video.app */ = {isa = PBXFileReference; explicitFileType = wrapper.application; includeInIndex = 0; path = "AVFoundation-Video.app"; sourceTree = BUILT_PRODUCTS_DIR; };
		5AC9A854209DE0C10077DFEF /* AppDelegate.swift */ = {isa = PBXFileReference; lastKnownFileType = sourcecode.swift; path = AppDelegate.swift; sourceTree = "<group>"; };
		5AC9A856209DE0C10077DFEF /* ViewController.swift */ = {isa = PBXFileReference; lastKnownFileType = sourcecode.swift; path = ViewController.swift; sourceTree = "<group>"; };
		5AC9A859209DE0C10077DFEF /* Base */ = {isa = PBXFileReference; lastKnownFileType = file.storyboard; name = Base; path = Base.lproj/Main.storyboard; sourceTree = "<group>"; };
		5AC9A85B209DE0C40077DFEF /* Assets.xcassets */ = {isa = PBXFileReference; lastKnownFileType = folder.assetcatalog; path = Assets.xcassets; sourceTree = "<group>"; };
		5AC9A85E209DE0C40077DFEF /* Base */ = {isa = PBXFileReference; lastKnownFileType = file.storyboard; name = Base; path = Base.lproj/LaunchScreen.storyboard; sourceTree = "<group>"; };
		5AC9A860209DE0C40077DFEF /* Info.plist */ = {isa = PBXFileReference; lastKnownFileType = text.plist.xml; path = Info.plist; sourceTree = "<group>"; };
		AA10CBCEEFAE96315E346FC8 /* Pods_AVFoundation_Video.framework */ = {isa = PBXFileReference; explicitFileType = wrapper.framework; includeInIndex = 0; path = Pods_AVFoundation_Video.framework; sourceTree = BUILT_PRODUCTS_DIR; };
		C4350308F72741220DA24619 /* Pods-AVFoundation-Video.debug.xcconfig */ = {isa = PBXFileReference; includeInIndex = 1; lastKnownFileType = text.xcconfig; name = "Pods-AVFoundation-Video.debug.xcconfig"; path = "Pods/Target Support Files/Pods-AVFoundation-Video/Pods-AVFoundation-Video.debug.xcconfig"; sourceTree = "<group>"; };
/* End PBXFileReference section */

/* Begin PBXFrameworksBuildPhase section */
		5AC9A84E209DE0C10077DFEF /* Frameworks */ = {
			isa = PBXFrameworksBuildPhase;
			buildActionMask = 2147483647;
			files = (
				CCAD3D39879946E5A995C28B /* Pods_AVFoundation_Video.framework in Frameworks */,
			);
			runOnlyForDeploymentPostprocessing = 0;
		};
/* End PBXFrameworksBuildPhase section */

/* Begin PBXGroup section */
		5AC9A848209DE0C10077DFEF = {
			isa = PBXGroup;
			children = (
				5AC9A853209DE0C10077DFEF /* AVFoundation-Video */,
				5AC9A852209DE0C10077DFEF /* Products */,
				65F3A4631139106ACCB109B0 /* Pods */,
				7B9FA977E78259B4AAC5B6D9 /* Frameworks */,
			);
			sourceTree = "<group>";
		};
		5AC9A852209DE0C10077DFEF /* Products */ = {
			isa = PBXGroup;
			children = (
				5AC9A851209DE0C10077DFEF /* AVFoundation-Video.app */,
			);
			name = Products;
			sourceTree = "<group>";
		};
		5AC9A853209DE0C10077DFEF /* AVFoundation-Video */ = {
			isa = PBXGroup;
			children = (
				5AC9A854209DE0C10077DFEF /* AppDelegate.swift */,
				5AC9A856209DE0C10077DFEF /* ViewController.swift */,
				5AC9A858209DE0C10077DFEF /* Main.storyboard */,
				5AC9A85B209DE0C40077DFEF /* Assets.xcassets */,
				5AC9A85D209DE0C40077DFEF /* LaunchScreen.storyboard */,
				5AC9A860209DE0C40077DFEF /* Info.plist */,
			);
			path = "AVFoundation-Video";
			sourceTree = "<group>";
		};
		65F3A4631139106ACCB109B0 /* Pods */ = {
			isa = PBXGroup;
			children = (
				C4350308F72741220DA24619 /* Pods-AVFoundation-Video.debug.xcconfig */,
				01547ACA8E34D81E63F2F8CE /* Pods-AVFoundation-Video.release.xcconfig */,
			);
			name = Pods;
			sourceTree = "<group>";
		};
		7B9FA977E78259B4AAC5B6D9 /* Frameworks */ = {
			isa = PBXGroup;
			children = (
				AA10CBCEEFAE96315E346FC8 /* Pods_AVFoundation_Video.framework */,
			);
			name = Frameworks;
			sourceTree = "<group>";
		};
/* End PBXGroup section */

/* Begin PBXNativeTarget section */
		5AC9A850209DE0C10077DFEF /* AVFoundation-Video */ = {
			isa = PBXNativeTarget;
			buildConfigurationList = 5AC9A863209DE0C40077DFEF /* Build configuration list for PBXNativeTarget "AVFoundation-Video" */;
			buildPhases = (
				796020379989159A6E9129DB /* [CP] Check Pods Manifest.lock */,
				5AC9A84D209DE0C10077DFEF /* Sources */,
				5AC9A84E209DE0C10077DFEF /* Frameworks */,
				5AC9A84F209DE0C10077DFEF /* Resources */,
				5AC9A866209DE19F0077DFEF /* Swift Lint Script */,
			);
			buildRules = (
			);
			dependencies = (
			);
			name = "AVFoundation-Video";
			productName = "AVFoundation-Video";
			productReference = 5AC9A851209DE0C10077DFEF /* AVFoundation-Video.app */;
			productType = "com.apple.product-type.application";
		};
/* End PBXNativeTarget section */

/* Begin PBXProject section */
		5AC9A849209DE0C10077DFEF /* Project object */ = {
			isa = PBXProject;
			attributes = {
				LastSwiftUpdateCheck = 0930;
				LastUpgradeCheck = 0930;
				ORGANIZATIONNAME = "Alexander Khitev";
				TargetAttributes = {
					5AC9A850209DE0C10077DFEF = {
						CreatedOnToolsVersion = 9.3;
					};
				};
			};
			buildConfigurationList = 5AC9A84C209DE0C10077DFEF /* Build configuration list for PBXProject "AVFoundation-Video" */;
			compatibilityVersion = "Xcode 9.3";
			developmentRegion = en;
			hasScannedForEncodings = 0;
			knownRegions = (
				en,
				Base,
			);
			mainGroup = 5AC9A848209DE0C10077DFEF;
			productRefGroup = 5AC9A852209DE0C10077DFEF /* Products */;
			projectDirPath = "";
			projectRoot = "";
			targets = (
				5AC9A850209DE0C10077DFEF /* AVFoundation-Video */,
			);
		};
/* End PBXProject section */

/* Begin PBXResourcesBuildPhase section */
		5AC9A84F209DE0C10077DFEF /* Resources */ = {
			isa = PBXResourcesBuildPhase;
			buildActionMask = 2147483647;
			files = (
				5AC9A85F209DE0C40077DFEF /* LaunchScreen.storyboard in Resources */,
				5AC9A85C209DE0C40077DFEF /* Assets.xcassets in Resources */,
				5AC9A85A209DE0C10077DFEF /* Main.storyboard in Resources */,
			);
			runOnlyForDeploymentPostprocessing = 0;
		};
/* End PBXResourcesBuildPhase section */

/* Begin PBXShellScriptBuildPhase section */
		5AC9A866209DE19F0077DFEF /* Swift Lint Script */ = {
			isa = PBXShellScriptBuildPhase;
			buildActionMask = 2147483647;
			files = (
			);
			inputPaths = (
			);
			name = "Swift Lint Script";
			outputPaths = (
			);
			runOnlyForDeploymentPostprocessing = 0;
			shellPath = /bin/sh;
			shellScript = "\"${PODS_ROOT}/SwiftLint/swiftlint\"";
		};
		796020379989159A6E9129DB /* [CP] Check Pods Manifest.lock */ = {
			isa = PBXShellScriptBuildPhase;
			buildActionMask = 2147483647;
			files = (
			);
			inputPaths = (
				"${PODS_PODFILE_DIR_PATH}/Podfile.lock",
				"${PODS_ROOT}/Manifest.lock",
			);
			name = "[CP] Check Pods Manifest.lock";
			outputPaths = (
				"$(DERIVED_FILE_DIR)/Pods-AVFoundation-Video-checkManifestLockResult.txt",
			);
			runOnlyForDeploymentPostprocessing = 0;
			shellPath = /bin/sh;
			shellScript = "diff \"${PODS_PODFILE_DIR_PATH}/Podfile.lock\" \"${PODS_ROOT}/Manifest.lock\" > /dev/null\nif [ $? != 0 ] ; then\n    # print error to STDERR\n    echo \"error: The sandbox is not in sync with the Podfile.lock. Run 'pod install' or update your CocoaPods installation.\" >&2\n    exit 1\nfi\n# This output is used by Xcode 'outputs' to avoid re-running this script phase.\necho \"SUCCESS\" > \"${SCRIPT_OUTPUT_FILE_0}\"\n";
			showEnvVarsInLog = 0;
		};
/* End PBXShellScriptBuildPhase section */

/* Begin PBXSourcesBuildPhase section */
		5AC9A84D209DE0C10077DFEF /* Sources */ = {
			isa = PBXSourcesBuildPhase;
			buildActionMask = 2147483647;
			files = (
				5AC9A857209DE0C10077DFEF /* ViewController.swift in Sources */,
				5AC9A855209DE0C10077DFEF /* AppDelegate.swift in Sources */,
			);
			runOnlyForDeploymentPostprocessing = 0;
		};
/* End PBXSourcesBuildPhase section */

/* Begin PBXVariantGroup section */
		5AC9A858209DE0C10077DFEF /* Main.storyboard */ = {
			isa = PBXVariantGroup;
			children = (
				5AC9A859209DE0C10077DFEF /* Base */,
			);
			name = Main.storyboard;
			sourceTree = "<group>";
		};
		5AC9A85D209DE0C40077DFEF /* LaunchScreen.storyboard */ = {
			isa = PBXVariantGroup;
			children = (
				5AC9A85E209DE0C40077DFEF /* Base */,
			);
			name = LaunchScreen.storyboard;
			sourceTree = "<group>";
		};
/* End PBXVariantGroup section */

/* Begin XCBuildConfiguration section */
		5AC9A861209DE0C40077DFEF /* Debug */ = {
			isa = XCBuildConfiguration;
			buildSettings = {
				ALWAYS_SEARCH_USER_PATHS = NO;
				CLANG_ANALYZER_NONNULL = YES;
				CLANG_ANALYZER_NUMBER_OBJECT_CONVERSION = YES_AGGRESSIVE;
				CLANG_CXX_LANGUAGE_STANDARD = "gnu++14";
				CLANG_CXX_LIBRARY = "libc++";
				CLANG_ENABLE_MODULES = YES;
				CLANG_ENABLE_OBJC_ARC = YES;
				CLANG_ENABLE_OBJC_WEAK = YES;
				CLANG_WARN_BLOCK_CAPTURE_AUTORELEASING = YES;
				CLANG_WARN_BOOL_CONVERSION = YES;
				CLANG_WARN_COMMA = YES;
				CLANG_WARN_CONSTANT_CONVERSION = YES;
				CLANG_WARN_DEPRECATED_OBJC_IMPLEMENTATIONS = YES;
				CLANG_WARN_DIRECT_OBJC_ISA_USAGE = YES_ERROR;
				CLANG_WARN_DOCUMENTATION_COMMENTS = YES;
				CLANG_WARN_EMPTY_BODY = YES;
				CLANG_WARN_ENUM_CONVERSION = YES;
				CLANG_WARN_INFINITE_RECURSION = YES;
				CLANG_WARN_INT_CONVERSION = YES;
				CLANG_WARN_NON_LITERAL_NULL_CONVERSION = YES;
				CLANG_WARN_OBJC_IMPLICIT_RETAIN_SELF = YES;
				CLANG_WARN_OBJC_LITERAL_CONVERSION = YES;
				CLANG_WARN_OBJC_ROOT_CLASS = YES_ERROR;
				CLANG_WARN_RANGE_LOOP_ANALYSIS = YES;
				CLANG_WARN_STRICT_PROTOTYPES = YES;
				CLANG_WARN_SUSPICIOUS_MOVE = YES;
				CLANG_WARN_UNGUARDED_AVAILABILITY = YES_AGGRESSIVE;
				CLANG_WARN_UNREACHABLE_CODE = YES;
				CLANG_WARN__DUPLICATE_METHOD_MATCH = YES;
				CODE_SIGN_IDENTITY = "iPhone Developer";
				COPY_PHASE_STRIP = NO;
				DEBUG_INFORMATION_FORMAT = dwarf;
				ENABLE_STRICT_OBJC_MSGSEND = YES;
				ENABLE_TESTABILITY = YES;
				GCC_C_LANGUAGE_STANDARD = gnu11;
				GCC_DYNAMIC_NO_PIC = NO;
				GCC_NO_COMMON_BLOCKS = YES;
				GCC_OPTIMIZATION_LEVEL = 0;
				GCC_PREPROCESSOR_DEFINITIONS = (
					"DEBUG=1",
					"$(inherited)",
				);
				GCC_WARN_64_TO_32_BIT_CONVERSION = YES;
				GCC_WARN_ABOUT_RETURN_TYPE = YES_ERROR;
				GCC_WARN_UNDECLARED_SELECTOR = YES;
				GCC_WARN_UNINITIALIZED_AUTOS = YES_AGGRESSIVE;
				GCC_WARN_UNUSED_FUNCTION = YES;
				GCC_WARN_UNUSED_VARIABLE = YES;
				IPHONEOS_DEPLOYMENT_TARGET = 11.3;
				MTL_ENABLE_DEBUG_INFO = YES;
				ONLY_ACTIVE_ARCH = YES;
				SDKROOT = iphoneos;
				SWIFT_ACTIVE_COMPILATION_CONDITIONS = DEBUG;
				SWIFT_OPTIMIZATION_LEVEL = "-Onone";
			};
			name = Debug;
		};
		5AC9A862209DE0C40077DFEF /* Release */ = {
			isa = XCBuildConfiguration;
			buildSettings = {
				ALWAYS_SEARCH_USER_PATHS = NO;
				CLANG_ANALYZER_NONNULL = YES;
				CLANG_ANALYZER_NUMBER_OBJECT_CONVERSION = YES_AGGRESSIVE;
				CLANG_CXX_LANGUAGE_STANDARD = "gnu++14";
				CLANG_CXX_LIBRARY = "libc++";
				CLANG_ENABLE_MODULES = YES;
				CLANG_ENABLE_OBJC_ARC = YES;
				CLANG_ENABLE_OBJC_WEAK = YES;
				CLANG_WARN_BLOCK_CAPTURE_AUTORELEASING = YES;
				CLANG_WARN_BOOL_CONVERSION = YES;
				CLANG_WARN_COMMA = YES;
				CLANG_WARN_CONSTANT_CONVERSION = YES;
				CLANG_WARN_DEPRECATED_OBJC_IMPLEMENTATIONS = YES;
				CLANG_WARN_DIRECT_OBJC_ISA_USAGE = YES_ERROR;
				CLANG_WARN_DOCUMENTATION_COMMENTS = YES;
				CLANG_WARN_EMPTY_BODY = YES;
				CLANG_WARN_ENUM_CONVERSION = YES;
				CLANG_WARN_INFINITE_RECURSION = YES;
				CLANG_WARN_INT_CONVERSION = YES;
				CLANG_WARN_NON_LITERAL_NULL_CONVERSION = YES;
				CLANG_WARN_OBJC_IMPLICIT_RETAIN_SELF = YES;
				CLANG_WARN_OBJC_LITERAL_CONVERSION = YES;
				CLANG_WARN_OBJC_ROOT_CLASS = YES_ERROR;
				CLANG_WARN_RANGE_LOOP_ANALYSIS = YES;
				CLANG_WARN_STRICT_PROTOTYPES = YES;
				CLANG_WARN_SUSPICIOUS_MOVE = YES;
				CLANG_WARN_UNGUARDED_AVAILABILITY = YES_AGGRESSIVE;
				CLANG_WARN_UNREACHABLE_CODE = YES;
				CLANG_WARN__DUPLICATE_METHOD_MATCH = YES;
				CODE_SIGN_IDENTITY = "iPhone Developer";
				COPY_PHASE_STRIP = NO;
				DEBUG_INFORMATION_FORMAT = "dwarf-with-dsym";
				ENABLE_NS_ASSERTIONS = NO;
				ENABLE_STRICT_OBJC_MSGSEND = YES;
				GCC_C_LANGUAGE_STANDARD = gnu11;
				GCC_NO_COMMON_BLOCKS = YES;
				GCC_WARN_64_TO_32_BIT_CONVERSION = YES;
				GCC_WARN_ABOUT_RETURN_TYPE = YES_ERROR;
				GCC_WARN_UNDECLARED_SELECTOR = YES;
				GCC_WARN_UNINITIALIZED_AUTOS = YES_AGGRESSIVE;
				GCC_WARN_UNUSED_FUNCTION = YES;
				GCC_WARN_UNUSED_VARIABLE = YES;
				IPHONEOS_DEPLOYMENT_TARGET = 11.3;
				MTL_ENABLE_DEBUG_INFO = NO;
				SDKROOT = iphoneos;
				SWIFT_COMPILATION_MODE = wholemodule;
				SWIFT_OPTIMIZATION_LEVEL = "-O";
				VALIDATE_PRODUCT = YES;
			};
			name = Release;
		};
		5AC9A864209DE0C40077DFEF /* Debug */ = {
			isa = XCBuildConfiguration;
			baseConfigurationReference = C4350308F72741220DA24619 /* Pods-AVFoundation-Video.debug.xcconfig */;
			buildSettings = {
				ASSETCATALOG_COMPILER_APPICON_NAME = AppIcon;
				CODE_SIGN_STYLE = Automatic;
				DEVELOPMENT_TEAM = VAP78DWP64;
				INFOPLIST_FILE = "AVFoundation-Video/Info.plist";
				LD_RUNPATH_SEARCH_PATHS = (
					"$(inherited)",
					"@executable_path/Frameworks",
				);
				PRODUCT_BUNDLE_IDENTIFIER = "com.khitev.AVFoundation-Video";
				PRODUCT_NAME = "$(TARGET_NAME)";
				SWIFT_VERSION = 4.0;
				TARGETED_DEVICE_FAMILY = "1,2";
			};
			name = Debug;
		};
		5AC9A865209DE0C40077DFEF /* Release */ = {
			isa = XCBuildConfiguration;
			baseConfigurationReference = 01547ACA8E34D81E63F2F8CE /* Pods-AVFoundation-Video.release.xcconfig */;
			buildSettings = {
				ASSETCATALOG_COMPILER_APPICON_NAME = AppIcon;
				CODE_SIGN_STYLE = Automatic;
				DEVELOPMENT_TEAM = VAP78DWP64;
				INFOPLIST_FILE = "AVFoundation-Video/Info.plist";
				LD_RUNPATH_SEARCH_PATHS = (
					"$(inherited)",
					"@executable_path/Frameworks",
				);
				PRODUCT_BUNDLE_IDENTIFIER = "com.khitev.AVFoundation-Video";
				PRODUCT_NAME = "$(TARGET_NAME)";
				SWIFT_VERSION = 4.0;
				TARGETED_DEVICE_FAMILY = "1,2";
			};
			name = Release;
		};
/* End XCBuildConfiguration section */

/* Begin XCConfigurationList section */
		5AC9A84C209DE0C10077DFEF /* Build configuration list for PBXProject "AVFoundation-Video" */ = {
			isa = XCConfigurationList;
			buildConfigurations = (
				5AC9A861209DE0C40077DFEF /* Debug */,
				5AC9A862209DE0C40077DFEF /* Release */,
			);
			defaultConfigurationIsVisible = 0;
			defaultConfigurationName = Release;
		};
		5AC9A863209DE0C40077DFEF /* Build configuration list for PBXNativeTarget "AVFoundation-Video" */ = {
			isa = XCConfigurationList;
			buildConfigurations = (
				5AC9A864209DE0C40077DFEF /* Debug */,
				5AC9A865209DE0C40077DFEF /* Release */,
			);
			defaultConfigurationIsVisible = 0;
			defaultConfigurationName = Release;
		};
/* End XCConfigurationList section */
	};
	rootObject = 5AC9A849209DE0C10077DFEF /* Project object */;
}
